
Microsoft Visual Studio Solution File, Format Version 12.00
# Visual Studio 15
VisualStudioVersion = 15.0.28010.2041
MinimumVisualStudioVersion = 10.0.40219.1
Project("{FAE04EC0-301F-11D3-BF4B-00C04F79EFBC}") = "Task2", "Task2\Task2.csproj", "{0D0CAC0C-6884-47F9-ABA6-34FF76553233}"
EndProject
Project("{FAE04EC0-301F-11D3-BF4B-00C04F79EFBC}") = "UnitTests", "UnitTests\UnitTests.csproj", "{F1468C00-AFE8-48BE-A975-AB2E10F79C23}"
EndProject
Global
	GlobalSection(SolutionConfigurationPlatforms) = preSolution
		Debug|Any CPU = Debug|Any CPU
		Release|Any CPU = Release|Any CPU
	EndGlobalSection
	GlobalSection(ProjectConfigurationPlatforms) = postSolution
		{0D0CAC0C-6884-47F9-ABA6-34FF76553233}.Debug|Any CPU.ActiveCfg = Debug|Any CPU
		{0D0CAC0C-6884-47F9-ABA6-34FF76553233}.Debug|Any CPU.Build.0 = Debug|Any CPU
		{0D0CAC0C-6884-47F9-ABA6-34FF76553233}.Release|Any CPU.ActiveCfg = Release|Any CPU
		{0D0CAC0C-6884-47F9-ABA6-34FF76553233}.Release|Any CPU.Build.0 = Release|Any CPU
		{F1468C00-AFE8-48BE-A975-AB2E10F79C23}.Debug|Any CPU.ActiveCfg = Debug|Any CPU
		{F1468C00-AFE8-48BE-A975-AB2E10F79C23}.Debug|Any CPU.Build.0 = Debug|Any CPU
		{F1468C00-AFE8-48BE-A975-AB2E10F79C23}.Release|Any CPU.ActiveCfg = Release|Any CPU
		{F1468C00-AFE8-48BE-A975-AB2E10F79C23}.Release|Any CPU.Build.0 = Release|Any CPU
	EndGlobalSection
	GlobalSection(SolutionProperties) = preSolution
		HideSolutionNode = FALSE
	EndGlobalSection
	GlobalSection(ExtensibilityGlobals) = postSolution
		SolutionGuid = {1A532A17-C2F5-4229-A5EE-100A842369B9}
	EndGlobalSection
EndGlobal
